
Microsoft Visual Studio Solution File, Format Version 12.00
# Visual Studio Version 16
VisualStudioVersion = 16.0.29318.209
MinimumVisualStudioVersion = 10.0.40219.1
Project("{FAE04EC0-301F-11D3-BF4B-00C04F79EFBC}") = "DemoSearchEngine", "DemoSearchEngine\DemoSearchEngine.csproj", "{CE30F7F3-9C02-41D5-9275-13F5CE1020AD}"
EndProject
Global
	GlobalSection(SolutionConfigurationPlatforms) = preSolution
		Debug|Any CPU = Debug|Any CPU
		Release|Any CPU = Release|Any CPU
	EndGlobalSection
	GlobalSection(ProjectConfigurationPlatforms) = postSolution
		{CE30F7F3-9C02-41D5-9275-13F5CE1020AD}.Debug|Any CPU.ActiveCfg = Debug|Any CPU
		{CE30F7F3-9C02-41D5-9275-13F5CE1020AD}.Debug|Any CPU.Build.0 = Debug|Any CPU
		{CE30F7F3-9C02-41D5-9275-13F5CE1020AD}.Release|Any CPU.ActiveCfg = Release|Any CPU
		{CE30F7F3-9C02-41D5-9275-13F5CE1020AD}.Release|Any CPU.Build.0 = Release|Any CPU
	EndGlobalSection
	GlobalSection(SolutionProperties) = preSolution
		HideSolutionNode = FALSE
	EndGlobalSection
	GlobalSection(ExtensibilityGlobals) = postSolution
		SolutionGuid = {9E1776EF-BE6E-4796-9DB2-CC3C5A868D7F}
	EndGlobalSection
EndGlobal
